
Microsoft Visual Studio Solution File, Format Version 12.00
# Visual Studio Version 17
VisualStudioVersion = 17.3.32811.315
MinimumVisualStudioVersion = 10.0.40219.1
Project("{FAE04EC0-301F-11D3-BF4B-00C04F79EFBC}") = "MuseClient", "MuseClient\MuseClient.csproj", "{83C40EFA-57F5-48B4-93AC-349A3E1616F4}"
EndProject
Global
	GlobalSection(SolutionConfigurationPlatforms) = preSolution
		Debug|Any CPU = Debug|Any CPU
		Release|Any CPU = Release|Any CPU
	EndGlobalSection
	GlobalSection(ProjectConfigurationPlatforms) = postSolution
		{83C40EFA-57F5-48B4-93AC-349A3E1616F4}.Debug|Any CPU.ActiveCfg = Debug|Any CPU
		{83C40EFA-57F5-48B4-93AC-349A3E1616F4}.Debug|Any CPU.Build.0 = Debug|Any CPU
		{83C40EFA-57F5-48B4-93AC-349A3E1616F4}.Release|Any CPU.ActiveCfg = Release|Any CPU
		{83C40EFA-57F5-48B4-93AC-349A3E1616F4}.Release|Any CPU.Build.0 = Release|Any CPU
	EndGlobalSection
	GlobalSection(SolutionProperties) = preSolution
		HideSolutionNode = FALSE
	EndGlobalSection
	GlobalSection(ExtensibilityGlobals) = postSolution
		SolutionGuid = {02C1365C-BCB0-49B9-B2E0-B4BA2CE82169}
	EndGlobalSection
EndGlobal
